{
  "name": "Energy-Security-ET",
  "lockfileVersion": 3,
  "requires": true,
  "packages": {
    "": {
      "dependencies": {
        "@paper-design/shaders-react": "^0.0.77"
      }
    },
    "node_modules/@paper-design/shaders": {
      "version": "0.0.77",
      "resolved": "https://registry.npmjs.org/@paper-design/shaders/-/shaders-0.0.77.tgz",
      "integrity": "sha512-y0mR3brBu6qvVgbnvBdXX3zL/hajdamkECLt8NbexaEc1L46W3a+ZIEwxu1NJ2/bqwxAgjJC0o2+4CAii5wp/w==",
      "license": "Apache-2.0"
    },
    "node_modules/@paper-design/shaders-react": {
      "version": "0.0.77",
      "resolved": "https://registry.npmjs.org/@paper-design/shaders-react/-/shaders-react-0.0.77.tgz",
      "integrity": "sha512-VCjhK7k6GT1BMjq7kLsDHMnMy1ryjCTALdhOVIf2Z5b1jh5eEHXqHdQCvMAJ7v6evjiN1twzjM1KUNOg2RoXBw==",
      "license": "Apache-2.0",
      "dependencies": {
        "@paper-design/shaders": "0.0.77"
      },
      "peerDependencies": {
        "@types/react": "^18 || ^19",
        "react": "^18 || ^19"
      },
      "peerDependenciesMeta": {
        "@types/react": {
          "optional": true
        }
      }
    },
    "node_modules/react": {
      "version": "19.2.7",
      "resolved": "https://registry.npmjs.org/react/-/react-19.2.7.tgz",
      "integrity": "sha512-HNe9WslTbXmFK8o8cmwgAeJFSBvt1bPdHCVKtaaV+WlAN36mpT4hcRpwbf3fY56ar2oIXzsBpOAiIRHAdY0OlQ==",
      "license": "MIT",
      "peer": true,
      "engines": {
        "node": ">=0.10.0"
      }
    }
  }
}
